// !$*UTF8*$!
{
	archiveVersion = 1;
	classes = {
	};
	objectVersion = 46;
	objects = {

/* Begin PBXBuildFile section */
		371B362B175A5B7300E962AA /* leftarrow2@2x.png in Resources */ = {isa = PBXBuildFile; fileRef = 371B3629175A5B7300E962AA /* leftarrow2@2x.png */; };
		371B362C175A5B7300E962AA /* rightarrow2@2x.png in Resources */ = {isa = PBXBuildFile; fileRef = 371B362A175A5B7300E962AA /* rightarrow2@2x.png */; };
		37874B23176357FF007071AC /* drag002@2x.png in Resources */ = {isa = PBXBuildFile; fileRef = 37874B22176357FF007071AC /* drag002@2x.png */; };
		37880DCE1763821700C7F3F5 /* KnobCentreOff@2x.png in Resources */ = {isa = PBXBuildFile; fileRef = 37880DCD1763821700C7F3F5 /* KnobCentreOff@2x.png */; };
		37880DD0176383C200C7F3F5 /* downArrow@2x.png in Resources */ = {isa = PBXBuildFile; fileRef = 37880DCF176383C200C7F3F5 /* downArrow@2x.png */; };
		37880DD41763D12200C7F3F5 /* AudioToolbox.framework in Frameworks */ = {isa = PBXBuildFile; fileRef = 37880DD31763D12200C7F3F5 /* AudioToolbox.framework */; };
		37880DD91763DC8800C7F3F5 /* eveAlarm1.wav in Resources */ = {isa = PBXBuildFile; fileRef = 37880DD81763DC8800C7F3F5 /* eveAlarm1.wav */; };
		37880DE01764A70600C7F3F5 /* eveAlarm3.wav in Resources */ = {isa = PBXBuildFile; fileRef = 37880DDF1764A70600C7F3F5 /* eveAlarm3.wav */; };
		37880DE21764A86400C7F3F5 /* eveAlarm2.wav in Resources */ = {isa = PBXBuildFile; fileRef = 37880DE11764A86400C7F3F5 /* eveAlarm2.wav */; };
		37880DE41764A8DE00C7F3F5 /* eveAlarm4.wav in Resources */ = {isa = PBXBuildFile; fileRef = 37880DE31764A8DE00C7F3F5 /* eveAlarm4.wav */; };
		37880DE61764BD9E00C7F3F5 /* AVFoundation.framework in Frameworks */ = {isa = PBXBuildFile; fileRef = 37880DE51764BD9E00C7F3F5 /* AVFoundation.framework */; };
		37880DE81764DA7D00C7F3F5 /* menuBack@2x.png in Resources */ = {isa = PBXBuildFile; fileRef = 37880DE71764DA7D00C7F3F5 /* menuBack@2x.png */; };
		37880DEA1765214400C7F3F5 /* introImage1.png in Resources */ = {isa = PBXBuildFile; fileRef = 37880DE91765214400C7F3F5 /* introImage1.png */; };
		37880DEE1765277100C7F3F5 /* sleepAlarm1.wav in Resources */ = {isa = PBXBuildFile; fileRef = 37880DED1765277100C7F3F5 /* sleepAlarm1.wav */; };
		37BD09BA17693CD500941613 /* CoreText.framework in Frameworks */ = {isa = PBXBuildFile; fileRef = 37BD09B917693CD500941613 /* CoreText.framework */; };
		37BD09BC17693CEB00941613 /* SystemConfiguration.framework in Frameworks */ = {isa = PBXBuildFile; fileRef = 37BD09BB17693CEB00941613 /* SystemConfiguration.framework */; };
		37E2185F175104EE00CADD13 /* settingsIcon@2x.png in Resources */ = {isa = PBXBuildFile; fileRef = 37E2185E175104EE00CADD13 /* settingsIcon@2x.png */; };
		37EBDCB91738138C0090D5DC /* MainStoryboard.storyboard in Resources */ = {isa = PBXBuildFile; fileRef = 37EBDCB71738138C0090D5DC /* MainStoryboard.storyboard */; };
		37EBDCBB173814EE0090D5DC /* KnobSky3@2x.png in Resources */ = {isa = PBXBuildFile; fileRef = 37EBDCBA173814EE0090D5DC /* KnobSky3@2x.png */; };
		37EBDCBE17381A5D0090D5DC /* MHRotaryKnob.m in Sources */ = {isa = PBXBuildFile; fileRef = 37EBDCBC17381A5D0090D5DC /* MHRotaryKnob.m */; };
		37EBDCC017381D350090D5DC /* QuartzCore.framework in Frameworks */ = {isa = PBXBuildFile; fileRef = 37EBDCBF17381D350090D5DC /* QuartzCore.framework */; };
		37EE1E2F17667A3400335EFC /* evelogo4_114.png in Resources */ = {isa = PBXBuildFile; fileRef = 37EE1E2E17667A3400335EFC /* evelogo4_114.png */; };
		37EE1E3117667A4300335EFC /* evelogo4_57.png in Resources */ = {isa = PBXBuildFile; fileRef = 37EE1E3017667A4300335EFC /* evelogo4_57.png */; };
		37F1B29F1737FDDD00DFEBCB /* UIKit.framework in Frameworks */ = {isa = PBXBuildFile; fileRef = 37F1B29E1737FDDD00DFEBCB /* UIKit.framework */; };
		37F1B2A11737FDDD00DFEBCB /* Foundation.framework in Frameworks */ = {isa = PBXBuildFile; fileRef = 37F1B2A01737FDDD00DFEBCB /* Foundation.framework */; };
		37F1B2A31737FDDD00DFEBCB /* CoreGraphics.framework in Frameworks */ = {isa = PBXBuildFile; fileRef = 37F1B2A21737FDDD00DFEBCB /* CoreGraphics.framework */; };
		37F1B2A91737FDDD00DFEBCB /* InfoPlist.strings in Resources */ = {isa = PBXBuildFile; fileRef = 37F1B2A71737FDDD00DFEBCB /* InfoPlist.strings */; };
		37F1B2AB1737FDDD00DFEBCB /* main.m in Sources */ = {isa = PBXBuildFile; fileRef = 37F1B2AA1737FDDD00DFEBCB /* main.m */; };
		37F1B2AF1737FDDD00DFEBCB /* eveAppDelegate.m in Sources */ = {isa = PBXBuildFile; fileRef = 37F1B2AE1737FDDD00DFEBCB /* eveAppDelegate.m */; };
		37F1B2B11737FDDD00DFEBCB /* Default.png in Resources */ = {isa = PBXBuildFile; fileRef = 37F1B2B01737FDDD00DFEBCB /* Default.png */; };
		37F1B2B31737FDDD00DFEBCB /* Default@2x.png in Resources */ = {isa = PBXBuildFile; fileRef = 37F1B2B21737FDDD00DFEBCB /* Default@2x.png */; };
		37F1B2B51737FDDD00DFEBCB /* Default-568h@2x.png in Resources */ = {isa = PBXBuildFile; fileRef = 37F1B2B41737FDDD00DFEBCB /* Default-568h@2x.png */; };
		37F1B2BB1737FDDD00DFEBCB /* eveViewController.m in Sources */ = {isa = PBXBuildFile; fileRef = 37F1B2BA1737FDDD00DFEBCB /* eveViewController.m */; };
		37F1B2C21737FF4B00DFEBCB /* sky8@2x.png in Resources */ = {isa = PBXBuildFile; fileRef = 37F1B2C11737FF4B00DFEBCB /* sky8@2x.png */; };
		37F1B2C517380B2D00DFEBCB /* KnobOverlay@2x.png in Resources */ = {isa = PBXBuildFile; fileRef = 37F1B2C417380B2C00DFEBCB /* KnobOverlay@2x.png */; };
/* End PBXBuildFile section */

/* Begin PBXFileReference section */
		371B3629175A5B7300E962AA /* leftarrow2@2x.png */ = {isa = PBXFileReference; lastKnownFileType = image.png; name = "leftarrow2@2x.png"; path = "eve2/leftarrow2@2x.png"; sourceTree = "<group>"; };
		371B362A175A5B7300E962AA /* rightarrow2@2x.png */ = {isa = PBXFileReference; lastKnownFileType = image.png; name = "rightarrow2@2x.png"; path = "eve2/rightarrow2@2x.png"; sourceTree = "<group>"; };
		37874B22176357FF007071AC /* drag002@2x.png */ = {isa = PBXFileReference; lastKnownFileType = image.png; path = "drag002@2x.png"; sourceTree = "<group>"; };
		37880DCD1763821700C7F3F5 /* KnobCentreOff@2x.png */ = {isa = PBXFileReference; lastKnownFileType = image.png; path = "KnobCentreOff@2x.png"; sourceTree = "<group>"; };
		37880DCF176383C200C7F3F5 /* downArrow@2x.png */ = {isa = PBXFileReference; lastKnownFileType = image.png; name = "downArrow@2x.png"; path = "eve2/downArrow@2x.png"; sourceTree = "<group>"; };
		37880DD31763D12200C7F3F5 /* AudioToolbox.framework */ = {isa = PBXFileReference; lastKnownFileType = wrapper.framework; name = AudioToolbox.framework; path = System/Library/Frameworks/AudioToolbox.framework; sourceTree = SDKROOT; };
		37880DD81763DC8800C7F3F5 /* eveAlarm1.wav */ = {isa = PBXFileReference; lastKnownFileType = audio.wav; path = eveAlarm1.wav; sourceTree = "<group>"; };
		37880DDF1764A70600C7F3F5 /* eveAlarm3.wav */ = {isa = PBXFileReference; lastKnownFileType = audio.wav; path = eveAlarm3.wav; sourceTree = "<group>"; };
		37880DE11764A86400C7F3F5 /* eveAlarm2.wav */ = {isa = PBXFileReference; lastKnownFileType = audio.wav; name = eveAlarm2.wav; path = ../../Downloads/eveAlarm2.wav; sourceTree = "<group>"; };
		37880DE31764A8DE00C7F3F5 /* eveAlarm4.wav */ = {isa = PBXFileReference; lastKnownFileType = audio.wav; name = eveAlarm4.wav; path = ../../Downloads/eveAlarm4.wav; sourceTree = "<group>"; };
		37880DE51764BD9E00C7F3F5 /* AVFoundation.framework */ = {isa = PBXFileReference; lastKnownFileType = wrapper.framework; name = AVFoundation.framework; path = System/Library/Frameworks/AVFoundation.framework; sourceTree = SDKROOT; };
		37880DE71764DA7D00C7F3F5 /* menuBack@2x.png */ = {isa = PBXFileReference; lastKnownFileType = image.png; name = "menuBack@2x.png"; path = "eve2/menuBack@2x.png"; sourceTree = "<group>"; };
		37880DE91765214400C7F3F5 /* introImage1.png */ = {isa = PBXFileReference; lastKnownFileType = image.png; name = introImage1.png; path = eve2/introImage1.png; sourceTree = "<group>"; };
		37880DED1765277100C7F3F5 /* sleepAlarm1.wav */ = {isa = PBXFileReference; lastKnownFileType = audio.wav; path = sleepAlarm1.wav; sourceTree = "<group>"; };
		37BD09B917693CD500941613 /* CoreText.framework */ = {isa = PBXFileReference; lastKnownFileType = wrapper.framework; name = CoreText.framework; path = System/Library/Frameworks/CoreText.framework; sourceTree = SDKROOT; };
		37BD09BB17693CEB00941613 /* SystemConfiguration.framework */ = {isa = PBXFileReference; lastKnownFileType = wrapper.framework; name = SystemConfiguration.framework; path = System/Library/Frameworks/SystemConfiguration.framework; sourceTree = SDKROOT; };
		37E2185E175104EE00CADD13 /* settingsIcon@2x.png */ = {isa = PBXFileReference; lastKnownFileType = image.png; name = "settingsIcon@2x.png"; path = "eve2/settingsIcon@2x.png"; sourceTree = "<group>"; };
		37EBDCB81738138C0090D5DC /* en */ = {isa = PBXFileReference; lastKnownFileType = file.storyboard; name = en; path = en.lproj/MainStoryboard.storyboard; sourceTree = "<group>"; };
		37EBDCBA173814EE0090D5DC /* KnobSky3@2x.png */ = {isa = PBXFileReference; lastKnownFileType = image.png; path = "KnobSky3@2x.png"; sourceTree = "<group>"; };
		37EBDCBC17381A5D0090D5DC /* MHRotaryKnob.m */ = {isa = PBXFileReference; fileEncoding = 4; lastKnownFileType = sourcecode.c.objc; path = MHRotaryKnob.m; sourceTree = "<group>"; };
		37EBDCBD17381A5D0090D5DC /* MHRotaryKnob.h */ = {isa = PBXFileReference; fileEncoding = 4; lastKnownFileType = sourcecode.c.h; path = MHRotaryKnob.h; sourceTree = "<group>"; };
		37EBDCBF17381D350090D5DC /* QuartzCore.framework */ = {isa = PBXFileReference; lastKnownFileType = wrapper.framework; name = QuartzCore.framework; path = System/Library/Frameworks/QuartzCore.framework; sourceTree = SDKROOT; };
		37EE1E2E17667A3400335EFC /* evelogo4_114.png */ = {isa = PBXFileReference; lastKnownFileType = image.png; path = evelogo4_114.png; sourceTree = "<group>"; };
		37EE1E3017667A4300335EFC /* evelogo4_57.png */ = {isa = PBXFileReference; lastKnownFileType = image.png; path = evelogo4_57.png; sourceTree = "<group>"; };
		37F1B29B1737FDDD00DFEBCB /* Eve.app */ = {isa = PBXFileReference; explicitFileType = wrapper.application; includeInIndex = 0; path = Eve.app; sourceTree = BUILT_PRODUCTS_DIR; };
		37F1B29E1737FDDD00DFEBCB /* UIKit.framework */ = {isa = PBXFileReference; lastKnownFileType = wrapper.framework; name = UIKit.framework; path = System/Library/Frameworks/UIKit.framework; sourceTree = SDKROOT; };
		37F1B2A01737FDDD00DFEBCB /* Foundation.framework */ = {isa = PBXFileReference; lastKnownFileType = wrapper.framework; name = Foundation.framework; path = System/Library/Frameworks/Foundation.framework; sourceTree = SDKROOT; };
		37F1B2A21737FDDD00DFEBCB /* CoreGraphics.framework */ = {isa = PBXFileReference; lastKnownFileType = wrapper.framework; name = CoreGraphics.framework; path = System/Library/Frameworks/CoreGraphics.framework; sourceTree = SDKROOT; };
		37F1B2A61737FDDD00DFEBCB /* eve2-Info.plist */ = {isa = PBXFileReference; lastKnownFileType = text.plist.xml; path = "eve2-Info.plist"; sourceTree = "<group>"; };
		37F1B2A81737FDDD00DFEBCB /* en */ = {isa = PBXFileReference; lastKnownFileType = text.plist.strings; name = en; path = en.lproj/InfoPlist.strings; sourceTree = "<group>"; };
		37F1B2AA1737FDDD00DFEBCB /* main.m */ = {isa = PBXFileReference; lastKnownFileType = sourcecode.c.objc; path = main.m; sourceTree = "<group>"; };
		37F1B2AC1737FDDD00DFEBCB /* eve2-Prefix.pch */ = {isa = PBXFileReference; lastKnownFileType = sourcecode.c.h; path = "eve2-Prefix.pch"; sourceTree = "<group>"; };
		37F1B2AD1737FDDD00DFEBCB /* eveAppDelegate.h */ = {isa = PBXFileReference; lastKnownFileType = sourcecode.c.h; path = eveAppDelegate.h; sourceTree = "<group>"; };
		37F1B2AE1737FDDD00DFEBCB /* eveAppDelegate.m */ = {isa = PBXFileReference; lastKnownFileType = sourcecode.c.objc; path = eveAppDelegate.m; sourceTree = "<group>"; };
		37F1B2B01737FDDD00DFEBCB /* Default.png */ = {isa = PBXFileReference; lastKnownFileType = image.png; path = Default.png; sourceTree = "<group>"; };
		37F1B2B21737FDDD00DFEBCB /* Default@2x.png */ = {isa = PBXFileReference; lastKnownFileType = image.png; path = "Default@2x.png"; sourceTree = "<group>"; };
		37F1B2B41737FDDD00DFEBCB /* Default-568h@2x.png */ = {isa = PBXFileReference; lastKnownFileType = image.png; path = "Default-568h@2x.png"; sourceTree = "<group>"; };
		37F1B2B91737FDDD00DFEBCB /* eveViewController.h */ = {isa = PBXFileReference; lastKnownFileType = sourcecode.c.h; path = eveViewController.h; sourceTree = "<group>"; };
		37F1B2BA1737FDDD00DFEBCB /* eveViewController.m */ = {isa = PBXFileReference; lastKnownFileType = sourcecode.c.objc; path = eveViewController.m; sourceTree = "<group>"; };
		37F1B2C11737FF4B00DFEBCB /* sky8@2x.png */ = {isa = PBXFileReference; lastKnownFileType = image.png; name = "sky8@2x.png"; path = "../../Desktop/sky8@2x.png"; sourceTree = "<group>"; };
		37F1B2C417380B2C00DFEBCB /* KnobOverlay@2x.png */ = {isa = PBXFileReference; lastKnownFileType = image.png; name = "KnobOverlay@2x.png"; path = "../../Downloads/MHRotaryKnob-master 2/Images/KnobOverlay@2x.png"; sourceTree = "<group>"; };
/* End PBXFileReference section */

/* Begin PBXFrameworksBuildPhase section */
		37F1B2981737FDDD00DFEBCB /* Frameworks */ = {
			isa = PBXFrameworksBuildPhase;
			buildActionMask = 2147483647;
			files = (
				37BD09BC17693CEB00941613 /* SystemConfiguration.framework in Frameworks */,
				37BD09BA17693CD500941613 /* CoreText.framework in Frameworks */,
				37880DE61764BD9E00C7F3F5 /* AVFoundation.framework in Frameworks */,
				37880DD41763D12200C7F3F5 /* AudioToolbox.framework in Frameworks */,
				37EBDCC017381D350090D5DC /* QuartzCore.framework in Frameworks */,
				37F1B29F1737FDDD00DFEBCB /* UIKit.framework in Frameworks */,
				37F1B2A11737FDDD00DFEBCB /* Foundation.framework in Frameworks */,
				37F1B2A31737FDDD00DFEBCB /* CoreGraphics.framework in Frameworks */,
			);
			runOnlyForDeploymentPostprocessing = 0;
		};
/* End PBXFrameworksBuildPhase section */

/* Begin PBXGroup section */
		37F1B2921737FDDD00DFEBCB = {
			isa = PBXGroup;
			children = (
				37BD09BB17693CEB00941613 /* SystemConfiguration.framework */,
				37BD09B917693CD500941613 /* CoreText.framework */,
				37EE1E3017667A4300335EFC /* evelogo4_57.png */,
				37EE1E2E17667A3400335EFC /* evelogo4_114.png */,
				37880DE51764BD9E00C7F3F5 /* AVFoundation.framework */,
				37880DD81763DC8800C7F3F5 /* eveAlarm1.wav */,
				37880DE11764A86400C7F3F5 /* eveAlarm2.wav */,
				37880DDF1764A70600C7F3F5 /* eveAlarm3.wav */,
				37880DE31764A8DE00C7F3F5 /* eveAlarm4.wav */,
				37880DED1765277100C7F3F5 /* sleepAlarm1.wav */,
				37880DD31763D12200C7F3F5 /* AudioToolbox.framework */,
				37EBDCBF17381D350090D5DC /* QuartzCore.framework */,
				37F1B2C31737FF5800DFEBCB /* Images */,
				37F1B2A41737FDDD00DFEBCB /* eve2 */,
				37F1B29D1737FDDD00DFEBCB /* Frameworks */,
				37F1B29C1737FDDD00DFEBCB /* Products */,
			);
			sourceTree = "<group>";
		};
		37F1B29C1737FDDD00DFEBCB /* Products */ = {
			isa = PBXGroup;
			children = (
				37F1B29B1737FDDD00DFEBCB /* Eve.app */,
			);
			name = Products;
			sourceTree = "<group>";
		};
		37F1B29D1737FDDD00DFEBCB /* Frameworks */ = {
			isa = PBXGroup;
			children = (
				37F1B29E1737FDDD00DFEBCB /* UIKit.framework */,
				37F1B2A01737FDDD00DFEBCB /* Foundation.framework */,
				37F1B2A21737FDDD00DFEBCB /* CoreGraphics.framework */,
			);
			name = Frameworks;
			sourceTree = "<group>";
		};
		37F1B2A41737FDDD00DFEBCB /* eve2 */ = {
			isa = PBXGroup;
			children = (
				37EBDCBD17381A5D0090D5DC /* MHRotaryKnob.h */,
				37EBDCBC17381A5D0090D5DC /* MHRotaryKnob.m */,
				37EBDCB71738138C0090D5DC /* MainStoryboard.storyboard */,
				37F1B2B91737FDDD00DFEBCB /* eveViewController.h */,
				37F1B2BA1737FDDD00DFEBCB /* eveViewController.m */,
				37F1B2A51737FDDD00DFEBCB /* Supporting Files */,
			);
			path = eve2;
			sourceTree = "<group>";
		};
		37F1B2A51737FDDD00DFEBCB /* Supporting Files */ = {
			isa = PBXGroup;
			children = (
				37F1B2AD1737FDDD00DFEBCB /* eveAppDelegate.h */,
				37F1B2AE1737FDDD00DFEBCB /* eveAppDelegate.m */,
				37F1B2A61737FDDD00DFEBCB /* eve2-Info.plist */,
				37F1B2A71737FDDD00DFEBCB /* InfoPlist.strings */,
				37F1B2AA1737FDDD00DFEBCB /* main.m */,
				37F1B2AC1737FDDD00DFEBCB /* eve2-Prefix.pch */,
				37F1B2B01737FDDD00DFEBCB /* Default.png */,
				37F1B2B21737FDDD00DFEBCB /* Default@2x.png */,
				37F1B2B41737FDDD00DFEBCB /* Default-568h@2x.png */,
			);
			name = "Supporting Files";
			sourceTree = "<group>";
		};
		37F1B2C31737FF5800DFEBCB /* Images */ = {
			isa = PBXGroup;
			children = (
				37880DCF176383C200C7F3F5 /* downArrow@2x.png */,
				37E2185E175104EE00CADD13 /* settingsIcon@2x.png */,
				37880DE91765214400C7F3F5 /* introImage1.png */,
				371B3629175A5B7300E962AA /* leftarrow2@2x.png */,
				37880DE71764DA7D00C7F3F5 /* menuBack@2x.png */,
				371B362A175A5B7300E962AA /* rightarrow2@2x.png */,
				37F1B2C11737FF4B00DFEBCB /* sky8@2x.png */,
				37F1B2C417380B2C00DFEBCB /* KnobOverlay@2x.png */,
				37EBDCBA173814EE0090D5DC /* KnobSky3@2x.png */,
				37874B22176357FF007071AC /* drag002@2x.png */,
				37880DCD1763821700C7F3F5 /* KnobCentreOff@2x.png */,
			);
			name = Images;
			sourceTree = "<group>";
		};
/* End PBXGroup section */

/* Begin PBXNativeTarget section */
		37F1B29A1737FDDD00DFEBCB /* eve2 */ = {
			isa = PBXNativeTarget;
			buildConfigurationList = 37F1B2BE1737FDDD00DFEBCB /* Build configuration list for PBXNativeTarget "eve2" */;
			buildPhases = (
				37F1B2971737FDDD00DFEBCB /* Sources */,
				37F1B2981737FDDD00DFEBCB /* Frameworks */,
				37F1B2991737FDDD00DFEBCB /* Resources */,
			);
			buildRules = (
			);
			dependencies = (
			);
			name = eve2;
			productName = eve2;
			productReference = 37F1B29B1737FDDD00DFEBCB /* Eve.app */;
			productType = "com.apple.product-type.application";
		};
/* End PBXNativeTarget section */

/* Begin PBXProject section */
		37F1B2931737FDDD00DFEBCB /* Project object */ = {
			isa = PBXProject;
			attributes = {
				CLASSPREFIX = eve;
				LastUpgradeCheck = 0460;
				ORGANIZATIONNAME = "Daniel Pape";
			};
			buildConfigurationList = 37F1B2961737FDDD00DFEBCB /* Build configuration list for PBXProject "eve2" */;
			compatibilityVersion = "Xcode 3.2";
			developmentRegion = English;
			hasScannedForEncodings = 0;
			knownRegions = (
				en,
			);
			mainGroup = 37F1B2921737FDDD00DFEBCB;
			productRefGroup = 37F1B29C1737FDDD00DFEBCB /* Products */;
			projectDirPath = "";
			projectRoot = "";
			targets = (
				37F1B29A1737FDDD00DFEBCB /* eve2 */,
			);
		};
/* End PBXProject section */

/* Begin PBXResourcesBuildPhase section */
		37F1B2991737FDDD00DFEBCB /* Resources */ = {
			isa = PBXResourcesBuildPhase;
			buildActionMask = 2147483647;
			files = (
				37F1B2A91737FDDD00DFEBCB /* InfoPlist.strings in Resources */,
				37F1B2B11737FDDD00DFEBCB /* Default.png in Resources */,
				37F1B2B31737FDDD00DFEBCB /* Default@2x.png in Resources */,
				37F1B2B51737FDDD00DFEBCB /* Default-568h@2x.png in Resources */,
				37F1B2C21737FF4B00DFEBCB /* sky8@2x.png in Resources */,
				37F1B2C517380B2D00DFEBCB /* KnobOverlay@2x.png in Resources */,
				37EBDCB91738138C0090D5DC /* MainStoryboard.storyboard in Resources */,
				37EBDCBB173814EE0090D5DC /* KnobSky3@2x.png in Resources */,
				37E2185F175104EE00CADD13 /* settingsIcon@2x.png in Resources */,
				371B362B175A5B7300E962AA /* leftarrow2@2x.png in Resources */,
				371B362C175A5B7300E962AA /* rightarrow2@2x.png in Resources */,
				37874B23176357FF007071AC /* drag002@2x.png in Resources */,
				37880DCE1763821700C7F3F5 /* KnobCentreOff@2x.png in Resources */,
				37880DD0176383C200C7F3F5 /* downArrow@2x.png in Resources */,
				37880DD91763DC8800C7F3F5 /* eveAlarm1.wav in Resources */,
				37880DE01764A70600C7F3F5 /* eveAlarm3.wav in Resources */,
				37880DE21764A86400C7F3F5 /* eveAlarm2.wav in Resources */,
				37880DE41764A8DE00C7F3F5 /* eveAlarm4.wav in Resources */,
				37880DE81764DA7D00C7F3F5 /* menuBack@2x.png in Resources */,
				37880DEA1765214400C7F3F5 /* introImage1.png in Resources */,
				37880DEE1765277100C7F3F5 /* sleepAlarm1.wav in Resources */,
				37EE1E2F17667A3400335EFC /* evelogo4_114.png in Resources */,
				37EE1E3117667A4300335EFC /* evelogo4_57.png in Resources */,
			);
			runOnlyForDeploymentPostprocessing = 0;
		};
/* End PBXResourcesBuildPhase section */

/* Begin PBXSourcesBuildPhase section */
		37F1B2971737FDDD00DFEBCB /* Sources */ = {
			isa = PBXSourcesBuildPhase;
			buildActionMask = 2147483647;
			files = (
				37F1B2AB1737FDDD00DFEBCB /* main.m in Sources */,
				37F1B2AF1737FDDD00DFEBCB /* eveAppDelegate.m in Sources */,
				37F1B2BB1737FDDD00DFEBCB /* eveViewController.m in Sources */,
				37EBDCBE17381A5D0090D5DC /* MHRotaryKnob.m in Sources */,
			);
			runOnlyForDeploymentPostprocessing = 0;
		};
/* End PBXSourcesBuildPhase section */

/* Begin PBXVariantGroup section */
		37EBDCB71738138C0090D5DC /* MainStoryboard.storyboard */ = {
			isa = PBXVariantGroup;
			children = (
				37EBDCB81738138C0090D5DC /* en */,
			);
			name = MainStoryboard.storyboard;
			sourceTree = "<group>";
		};
		37F1B2A71737FDDD00DFEBCB /* InfoPlist.strings */ = {
			isa = PBXVariantGroup;
			children = (
				37F1B2A81737FDDD00DFEBCB /* en */,
			);
			name = InfoPlist.strings;
			sourceTree = "<group>";
		};
/* End PBXVariantGroup section */

/* Begin XCBuildConfiguration section */
		37F1B2BC1737FDDD00DFEBCB /* Debug */ = {
			isa = XCBuildConfiguration;
			buildSettings = {
				ALWAYS_SEARCH_USER_PATHS = NO;
				CLANG_CXX_LANGUAGE_STANDARD = "gnu++0x";
				CLANG_CXX_LIBRARY = "libc++";
				CLANG_ENABLE_OBJC_ARC = YES;
				CLANG_WARN_CONSTANT_CONVERSION = YES;
				CLANG_WARN_EMPTY_BODY = YES;
				CLANG_WARN_ENUM_CONVERSION = YES;
				CLANG_WARN_INT_CONVERSION = YES;
				CLANG_WARN__DUPLICATE_METHOD_MATCH = YES;
				"CODE_SIGN_IDENTITY[sdk=iphoneos*]" = "iPhone Developer";
				COPY_PHASE_STRIP = NO;
				GCC_C_LANGUAGE_STANDARD = gnu99;
				GCC_DYNAMIC_NO_PIC = NO;
				GCC_OPTIMIZATION_LEVEL = 0;
				GCC_PREPROCESSOR_DEFINITIONS = (
					"DEBUG=1",
					"$(inherited)",
				);
				GCC_SYMBOLS_PRIVATE_EXTERN = NO;
				GCC_WARN_ABOUT_RETURN_TYPE = YES;
				GCC_WARN_UNINITIALIZED_AUTOS = YES;
				GCC_WARN_UNUSED_VARIABLE = YES;
				IPHONEOS_DEPLOYMENT_TARGET = 6.1;
				ONLY_ACTIVE_ARCH = YES;
				SDKROOT = iphoneos;
			};
			name = Debug;
		};
		37F1B2BD1737FDDD00DFEBCB /* Release */ = {
			isa = XCBuildConfiguration;
			buildSettings = {
				ALWAYS_SEARCH_USER_PATHS = NO;
				CLANG_CXX_LANGUAGE_STANDARD = "gnu++0x";
				CLANG_CXX_LIBRARY = "libc++";
				CLANG_ENABLE_OBJC_ARC = YES;
				CLANG_WARN_CONSTANT_CONVERSION = YES;
				CLANG_WARN_EMPTY_BODY = YES;
				CLANG_WARN_ENUM_CONVERSION = YES;
				CLANG_WARN_INT_CONVERSION = YES;
				CLANG_WARN__DUPLICATE_METHOD_MATCH = YES;
				"CODE_SIGN_IDENTITY[sdk=iphoneos*]" = "iPhone Developer";
				COPY_PHASE_STRIP = YES;
				GCC_C_LANGUAGE_STANDARD = gnu99;
				GCC_WARN_ABOUT_RETURN_TYPE = YES;
				GCC_WARN_UNINITIALIZED_AUTOS = YES;
				GCC_WARN_UNUSED_VARIABLE = YES;
				IPHONEOS_DEPLOYMENT_TARGET = 6.1;
				OTHER_CFLAGS = "-DNS_BLOCK_ASSERTIONS=1";
				SDKROOT = iphoneos;
				VALIDATE_PRODUCT = YES;
			};
			name = Release;
		};
		37F1B2BF1737FDDD00DFEBCB /* Debug */ = {
			isa = XCBuildConfiguration;
			buildSettings = {
				FRAMEWORK_SEARCH_PATHS = (
					"$(inherited)",
					"\"$(SRCROOT)/eve2/Vendor/HockeySDK-iOS-3.0.0/HockeySDK.embeddedframework\"",
				);
				GCC_PRECOMPILE_PREFIX_HEADER = YES;
				GCC_PREFIX_HEADER = "eve2/eve2-Prefix.pch";
				INFOPLIST_FILE = "eve2/eve2-Info.plist";
				PRODUCT_NAME = Eve;
				WRAPPER_EXTENSION = app;
			};
			name = Debug;
		};
		37F1B2C01737FDDD00DFEBCB /* Release */ = {
			isa = XCBuildConfiguration;
			buildSettings = {
				FRAMEWORK_SEARCH_PATHS = (
					"$(inherited)",
					"\"$(SRCROOT)/eve2/Vendor/HockeySDK-iOS-3.0.0/HockeySDK.embeddedframework\"",
				);
				GCC_PRECOMPILE_PREFIX_HEADER = YES;
				GCC_PREFIX_HEADER = "eve2/eve2-Prefix.pch";
				INFOPLIST_FILE = "eve2/eve2-Info.plist";
				PRODUCT_NAME = Eve;
				WRAPPER_EXTENSION = app;
			};
			name = Release;
		};
/* End XCBuildConfiguration section */

/* Begin XCConfigurationList section */
		37F1B2961737FDDD00DFEBCB /* Build configuration list for PBXProject "eve2" */ = {
			isa = XCConfigurationList;
			buildConfigurations = (
				37F1B2BC1737FDDD00DFEBCB /* Debug */,
				37F1B2BD1737FDDD00DFEBCB /* Release */,
			);
			defaultConfigurationIsVisible = 0;
			defaultConfigurationName = Release;
		};
		37F1B2BE1737FDDD00DFEBCB /* Build configuration list for PBXNativeTarget "eve2" */ = {
			isa = XCConfigurationList;
			buildConfigurations = (
				37F1B2BF1737FDDD00DFEBCB /* Debug */,
				37F1B2C01737FDDD00DFEBCB /* Release */,
			);
			defaultConfigurationIsVisible = 0;
			defaultConfigurationName = Release;
		};
/* End XCConfigurationList section */
	};
	rootObject = 37F1B2931737FDDD00DFEBCB /* Project object */;
}
